{
  "name": "artemis-api",
  "version": "1.0.0",
  "lockfileVersion": 3,
  "requires": true,
  "packages": {
    "": {
      "name": "artemis-api",
      "version": "1.0.0",
      "dependencies": {
        "@azure/cosmos": "^4.0.0",
        "@azure/functions": "^4.9.0",
        "node-fetch": "^3.3.2"
      }
    },
    "node_modules/@azure/abort-controller": {
      "version": "2.0.1",
      "resolved": "https://registry.npmjs.org/@azure/abort-controller/-/abort-controller-2.0.1.tgz",
      "integrity": "sha512-E6IL4Wab3NgDFEjq6/uaqxVv0cRX0j5pZqirb2IqTas3vF6wvuhQOh2qhDrVUgGzSMGrBsP9N7dW6n7oT3VArw==",
      "dependencies": {
        "tslib": "^2.2.0"
      }
    },
    "node_modules/@azure/core-auth": {
      "version": "1.5.1",
      "resolved": "https://registry.npmjs.org/@azure/core-auth/-/core-auth-1.5.1.tgz",
      "integrity": "sha512-GgEv4A8skZhozQCiLx8wqtVToMqrTOtuyPT0f7pP3UjP6R5/3mswrAXSXxoNk/sPR9GKH43AoJSSoNO7ArT9qA==",
      "dependencies": {
        "@azure/abort-controller": "^2.0.1",
        "@azure/core-util": "^1.5.0",
        "tslib": "^2.2.0"
      }
    },
    "node_modules/@azure/core-client": {
      "version": "1.7.3",
      "resolved": "https://registry.npmjs.org/@azure/core-client/-/core-client-1.7.3.tgz",
      "integrity": "sha512-FbIY3UlTC7Zl1SK2Uqx6qmevVQD3Sx6BdX88KJUTAA4rYvw5f4DXfYnPaghSlQyCMYe9xRRU+N/csh1Lg57o1w==",
      "dependencies": {
        "@azure/abort-controller": "^2.0.1",
        "@azure/core-auth": "^1.5.1",
        "@azure/core-rest-pipeline": "^1.11.1",
        "@azure/core-tracing": "^1.0.0",
        "@azure/core-util": "^1.5.0",
        "@azure/logger": "^1.0.3",
        "tslib": "^2.2.0"
      }
    },
    "node_modules/@azure/core-rest-pipeline": {
      "version": "1.17.0",
      "resolved": "https://registry.npmjs.org/@azure/core-rest-pipeline/-/core-rest-pipeline-1.17.0.tgz",
      "integrity": "sha512-OYRG8lS4vlX5jz11+cc9QHWUsp62B524COuJYZNZPHjmGEaQqnvdOyt7X1n4AO43gw1QbD9Csctoj9+AktF1eQ==",
      "dependencies": {
        "@azure/abort-controller": "^2.0.1",
        "@azure/core-auth": "^1.5.1",
        "@azure/core-tracing": "^1.0.0",
        "@azure/core-util": "^1.5.0",
        "@azure/logger": "^1.0.3",
        "form-data": "^3.0.0",
        "http-status-codes": "^2.2.0",
        "tslib": "^2.2.0"
      }
    },
    "node_modules/@azure/core-tracing": {
      "version": "1.0.1",
      "resolved": "https://registry.npmjs.org/@azure/core-tracing/-/core-tracing-1.0.1.tgz",
      "integrity": "sha512-3zSnZNLQFjR/u8qdW09+GqlRHic8yXBq6S3ZaSa3b0SSdHLHxtrSebVZz+jYZ6c+vi1nE1EyswwJoU0ZV5QqrA==",
      "dependencies": {
        "@opentelemetry/api": "^1.0.1",
        "tslib": "^2.2.0"
      }
    },
    "node_modules/@azure/core-util": {
      "version": "1.8.1",
      "resolved": "https://registry.npmjs.org/@azure/core-util/-/core-util-1.8.1.tgz",
      "integrity": "sha512-nndnPss+vtTDpiIUyNBbLd6NM0vweyhksFRvb418XjGXgcc4zcBN72vcndagvWl4GSr8rsZNvxnSD2unLURhmA==",
      "dependencies": {
        "tslib": "^2.2.0"
      }
    },
    "node_modules/@azure/functions": {
      "version": "4.9.0",
      "resolved": "https://registry.npmjs.org/@azure/functions/-/functions-4.9.0.tgz",
      "integrity": "sha512-gJt5TOEWjl8aYdqd3jeUB+NRw9fKiRPXGbnHUtyqLoaPDrrxmYlvCk1mYsqngoAmh8fjzPk51+vFqkFP2QXR+w==",
      "dependencies": {
        "busboy": "1.6.0"
      }
    },
    "node_modules/@azure/logger": {
      "version": "1.0.4",
      "resolved": "https://registry.npmjs.org/@azure/logger/-/logger-1.0.4.tgz",
      "integrity": "sha512-1fxvx3XhsNdn2FNNWJ/p8hN13jPF6zdFtm/29YbWzxqYLjVB+Q9MDYIL0v0LdiULmEMau11YK6aNVXveE3H8dw==",
      "dependencies": {
        "tslib": "^2.2.0"
      }
    },
    "node_modules/@azure/storage-blob": {
      "version": "12.16.0",
      "resolved": "https://registry.npmjs.org/@azure/storage-blob/-/storage-blob-12.16.0.tgz",
      "integrity": "sha512-UMVG2FG/cWJkW2fGknBIB1h0VzTeXP9SKkeGr5Sq23BrKA39DyN6tbnxDLglKbbFgdz09ye0QbqQ9xY8MxGi2A==",
      "dependencies": {
        "@azure/abort-controller": "^1.1.0",
        "@azure/core-auth": "^1.5.0",
        "@azure/core-client": "^1.7.0",
        "@azure/core-http": "^2.0.0",
        "@azure/core-paging": "^1.5.0",
        "@azure/core-rest-pipeline": "^1.15.0",
        "@azure/core-tracing": "^1.0.0",
        "@azure/core-util": "^1.6.0",
        "@azure/logger": "^1.0.3",
        "node-fetch": "^2.6.0",
        "tslib": "^2.2.0"
      }
    },
    "node_modules/@opentelemetry/api": {
      "version": "1.7.0",
      "resolved": "https://registry.npmjs.org/@opentelemetry/api/-/api-1.7.0.tgz",
      "integrity": "sha512-fnA+mtOIR3ahKPjrdwQM+We6VNEVt6Pg+Nu1+/VUZCMH5wxkP/E5yUpDQ3IHQanbSbaRCRiZ41i5FtCMvDKF7A=="
    },
    "node_modules/busboy": {
      "version": "1.6.0",
      "resolved": "https://registry.npmjs.org/busboy/-/busboy-1.6.0.tgz",
      "integrity": "sha512-8SFQbg/0hQ9xy3UNTB0YEnsNBbWfhf7RtnzpL7TkBiTBRfrQ9Fxcnz7VJsleJpyp6rVLvXiuORqjlHi5q+PYuA==",
      "dependencies": {
        "streamsearch": "^1.1.0"
      }
    },
    "node_modules/data-uri-to-buffer": {
      "version": "4.0.0",
      "resolved": "https://registry.npmjs.org/data-uri-to-buffer/-/data-uri-to-buffer-4.0.0.tgz",
      "integrity": "sha512-Vr3mLBA8qWmcuschSLAOogKgQ/Jwxulv3RNE4FXnYWRGujzrRWQI4m12fQqRkwX06C0KanhLr4hK+GydchZsaA==",
      "engines": {
        "node": ">= 12"
      }
    },
    "node_modules/form-data": {
      "version": "3.0.1",
      "resolved": "https://registry.npmjs.org/form-data/-/form-data-3.0.1.tgz",
      "integrity": "sha512-RHqVHzgagl79xes0uKePzhfjbqn3T/QIvM3GPF8KKSZmpZmkSFORrTVFZlKc1H4EkRymuTrfKM7lQPMGLho07w==",
      "dependencies": {
        "asynckit": "^0.4.0",
        "combined-stream": "^1.0.8",
        "mime-types": "^2.1.12"
      }
    },
    "node_modules/http-status-codes": {
      "version": "2.2.0",
      "resolved": "https://registry.npmjs.org/http-status-codes/-/http-status-codes-2.2.0.tgz",
      "integrity": "sha512-NF+0fpliTL6Tf9QIM8Orx4Wh8CQ15Z2llJvzICC1qzfKb/IGNcBFlA6Zs7DpcFJ47B60NP7wa1y+C9P5t0IVVg=="
    },
    "node_modules/mime-db": {
      "version": "1.52.0",
      "resolved": "https://registry.npmjs.org/mime-db/-/mime-db-1.52.0.tgz",
      "integrity": "sha512-sPU4emDL7fX9kIOp821pbDMyTichCJTDjlZaHjc3E2mj0rr+hP4QkH986IcH6UxfK7BR8M0P6JCB/w3c+Huqhg=="
    },
    "node_modules/mime-types": {
      "version": "2.1.35",
      "resolved": "https://registry.npmjs.org/mime-types/-/mime-types-2.1.35.tgz",
      "integrity": "sha512-4Hv7zK0I9a0OxSlZ5jv+JPEkAFYC5Koic+RFZC4YQhbuCeieEOA1EDuFDDcfiQl1QxwCBBO7VP8O+sFQcf4v3bKA==",
      "dependencies": {
        "mime-db": "1.52.0"
      }
    }
  }
}
